
Microsoft Visual Studio Solution File, Format Version 12.00
Project("{2150E333-8FDC-42A3-9474-1A3956D46DE8}") = "2022", "2022", "{80912B4B-F9F9-4021-91E2-088282F4BD5E}"
EndProject
Project("{FAE04EC0-301F-11D3-BF4B-00C04F79EFBC}") = "Day1", "Day1\Day1.csproj", "{DADECA67-E362-44E6-B11A-628A077AA3CF}"
EndProject
Project("{FAE04EC0-301F-11D3-BF4B-00C04F79EFBC}") = "Day2", "Day2\Day2.csproj", "{8CAA01FC-3C0E-4B1D-94CE-9D50F9819F54}"
EndProject
Project("{2150E333-8FDC-42A3-9474-1A3956D46DE8}") = "2023", "2023", "{A8B020D0-AF91-4045-9CF6-DAC27C0F5CDA}"
EndProject
Project("{FAE04EC0-301F-11D3-BF4B-00C04F79EFBC}") = "Day1", "2023\Day1\Day1.csproj", "{3AB07E1D-2A49-4022-89E3-B469132BB7CC}"
EndProject
Project("{FAE04EC0-301F-11D3-BF4B-00C04F79EFBC}") = "Day2", "2023\Day2\Day2.csproj", "{556320C9-5FB5-4EB6-A554-6DDA39506503}"
EndProject
Project("{FAE04EC0-301F-11D3-BF4B-00C04F79EFBC}") = "Day3", "2023\Day3\Day3.csproj", "{FB3BA822-79A6-4D8F-A53C-19A2922B902B}"
EndProject
Project("{FAE04EC0-301F-11D3-BF4B-00C04F79EFBC}") = "Day4", "2023\Day4\Day4.csproj", "{069EDB09-B695-4357-8FB3-9462707248DA}"
EndProject
Global
	GlobalSection(SolutionConfigurationPlatforms) = preSolution
		Debug|Any CPU = Debug|Any CPU
		Release|Any CPU = Release|Any CPU
	EndGlobalSection
	GlobalSection(NestedProjects) = preSolution
		{DADECA67-E362-44E6-B11A-628A077AA3CF} = {80912B4B-F9F9-4021-91E2-088282F4BD5E}
		{8CAA01FC-3C0E-4B1D-94CE-9D50F9819F54} = {80912B4B-F9F9-4021-91E2-088282F4BD5E}
		{3AB07E1D-2A49-4022-89E3-B469132BB7CC} = {A8B020D0-AF91-4045-9CF6-DAC27C0F5CDA}
		{556320C9-5FB5-4EB6-A554-6DDA39506503} = {A8B020D0-AF91-4045-9CF6-DAC27C0F5CDA}
		{FB3BA822-79A6-4D8F-A53C-19A2922B902B} = {A8B020D0-AF91-4045-9CF6-DAC27C0F5CDA}
		{069EDB09-B695-4357-8FB3-9462707248DA} = {A8B020D0-AF91-4045-9CF6-DAC27C0F5CDA}
	EndGlobalSection
	GlobalSection(ProjectConfigurationPlatforms) = postSolution
		{DADECA67-E362-44E6-B11A-628A077AA3CF}.Debug|Any CPU.ActiveCfg = Debug|Any CPU
		{DADECA67-E362-44E6-B11A-628A077AA3CF}.Debug|Any CPU.Build.0 = Debug|Any CPU
		{DADECA67-E362-44E6-B11A-628A077AA3CF}.Release|Any CPU.ActiveCfg = Release|Any CPU
		{DADECA67-E362-44E6-B11A-628A077AA3CF}.Release|Any CPU.Build.0 = Release|Any CPU
		{8CAA01FC-3C0E-4B1D-94CE-9D50F9819F54}.Debug|Any CPU.ActiveCfg = Debug|Any CPU
		{8CAA01FC-3C0E-4B1D-94CE-9D50F9819F54}.Debug|Any CPU.Build.0 = Debug|Any CPU
		{8CAA01FC-3C0E-4B1D-94CE-9D50F9819F54}.Release|Any CPU.ActiveCfg = Release|Any CPU
		{8CAA01FC-3C0E-4B1D-94CE-9D50F9819F54}.Release|Any CPU.Build.0 = Release|Any CPU
		{3AB07E1D-2A49-4022-89E3-B469132BB7CC}.Debug|Any CPU.ActiveCfg = Debug|Any CPU
		{3AB07E1D-2A49-4022-89E3-B469132BB7CC}.Debug|Any CPU.Build.0 = Debug|Any CPU
		{3AB07E1D-2A49-4022-89E3-B469132BB7CC}.Release|Any CPU.ActiveCfg = Release|Any CPU
		{3AB07E1D-2A49-4022-89E3-B469132BB7CC}.Release|Any CPU.Build.0 = Release|Any CPU
		{556320C9-5FB5-4EB6-A554-6DDA39506503}.Debug|Any CPU.ActiveCfg = Debug|Any CPU
		{556320C9-5FB5-4EB6-A554-6DDA39506503}.Debug|Any CPU.Build.0 = Debug|Any CPU
		{556320C9-5FB5-4EB6-A554-6DDA39506503}.Release|Any CPU.ActiveCfg = Release|Any CPU
		{556320C9-5FB5-4EB6-A554-6DDA39506503}.Release|Any CPU.Build.0 = Release|Any CPU
		{FB3BA822-79A6-4D8F-A53C-19A2922B902B}.Debug|Any CPU.ActiveCfg = Debug|Any CPU
		{FB3BA822-79A6-4D8F-A53C-19A2922B902B}.Debug|Any CPU.Build.0 = Debug|Any CPU
		{FB3BA822-79A6-4D8F-A53C-19A2922B902B}.Release|Any CPU.ActiveCfg = Release|Any CPU
		{FB3BA822-79A6-4D8F-A53C-19A2922B902B}.Release|Any CPU.Build.0 = Release|Any CPU
		{069EDB09-B695-4357-8FB3-9462707248DA}.Debug|Any CPU.ActiveCfg = Debug|Any CPU
		{069EDB09-B695-4357-8FB3-9462707248DA}.Debug|Any CPU.Build.0 = Debug|Any CPU
		{069EDB09-B695-4357-8FB3-9462707248DA}.Release|Any CPU.ActiveCfg = Release|Any CPU
		{069EDB09-B695-4357-8FB3-9462707248DA}.Release|Any CPU.Build.0 = Release|Any CPU
	EndGlobalSection
EndGlobal
