
Microsoft Visual Studio Solution File, Format Version 12.00
Project("{2150E333-8FDC-42A3-9474-1A3956D46DE8}") = "2022", "2022", "{80912B4B-F9F9-4021-91E2-088282F4BD5E}"
EndProject
Project("{FAE04EC0-301F-11D3-BF4B-00C04F79EFBC}") = "Day1", "Day1\Day1.csproj", "{DADECA67-E362-44E6-B11A-628A077AA3CF}"
EndProject
Project("{FAE04EC0-301F-11D3-BF4B-00C04F79EFBC}") = "Day2", "Day2\Day2.csproj", "{8CAA01FC-3C0E-4B1D-94CE-9D50F9819F54}"
EndProject
Global
	GlobalSection(SolutionConfigurationPlatforms) = preSolution
		Debug|Any CPU = Debug|Any CPU
		Release|Any CPU = Release|Any CPU
	EndGlobalSection
	GlobalSection(NestedProjects) = preSolution
		{DADECA67-E362-44E6-B11A-628A077AA3CF} = {80912B4B-F9F9-4021-91E2-088282F4BD5E}
		{8CAA01FC-3C0E-4B1D-94CE-9D50F9819F54} = {80912B4B-F9F9-4021-91E2-088282F4BD5E}
	EndGlobalSection
	GlobalSection(ProjectConfigurationPlatforms) = postSolution
		{DADECA67-E362-44E6-B11A-628A077AA3CF}.Debug|Any CPU.ActiveCfg = Debug|Any CPU
		{DADECA67-E362-44E6-B11A-628A077AA3CF}.Debug|Any CPU.Build.0 = Debug|Any CPU
		{DADECA67-E362-44E6-B11A-628A077AA3CF}.Release|Any CPU.ActiveCfg = Release|Any CPU
		{DADECA67-E362-44E6-B11A-628A077AA3CF}.Release|Any CPU.Build.0 = Release|Any CPU
		{8CAA01FC-3C0E-4B1D-94CE-9D50F9819F54}.Debug|Any CPU.ActiveCfg = Debug|Any CPU
		{8CAA01FC-3C0E-4B1D-94CE-9D50F9819F54}.Debug|Any CPU.Build.0 = Debug|Any CPU
		{8CAA01FC-3C0E-4B1D-94CE-9D50F9819F54}.Release|Any CPU.ActiveCfg = Release|Any CPU
		{8CAA01FC-3C0E-4B1D-94CE-9D50F9819F54}.Release|Any CPU.Build.0 = Release|Any CPU
	EndGlobalSection
EndGlobal
